dependencies:
- name: blockchain
  repository: file://../blockchain
  version: 0.1.0
- name: blockchain
  repository: file://../blockchain
  version: 0.1.0
- name: blockchain
  repository: file://../blockchain
  version: 0.1.0
- name: blockchain
  repository: file://../blockchain
  version: 0.1.0
- name: api
  repository: file://../api
  version: 0.1.0
- name: api
  repository: file://../api
  version: 0.1.0
- name: api
  repository: file://../api
  version: 0.1.0
- name: api
  repository: file://../api
  version: 0.1.0
- name: frontend
  repository: file://../frontend
  version: 0.1.0
- name: frontend
  repository: file://../frontend
  version: 0.1.0
digest: sha256:8769c07591bc4b1cb9496b15a24804a6b2e7395d396477c3e740ffac231481dc
generated: 2019-04-02T13:56:30.303353+02:00
