dependencies:
- name: blockchain
  repository: file://../blockchain
  version: 0.1.0
- name: blockchain
  repository: file://../blockchain
  version: 0.1.0
- name: blockchain
  repository: file://../blockchain
  version: 0.1.0
- name: blockchain
  repository: file://../blockchain
  version: 0.1.0
- name: api
  repository: file://../api
  version: 0.1.0
- name: api
  repository: file://../api
  version: 0.1.0
- name: api
  repository: file://../api
  version: 0.1.0
- name: api
  repository: file://../api
  version: 0.1.0
- name: frontend
  repository: file://../frontend
  version: 0.1.0
- name: frontend
  repository: file://../frontend
  version: 0.1.0
- name: excel-export
  repository: file://../excel-export
  version: 0.1.0
digest: sha256:106f907e6c8bff5eb84e012df68b2f22e35ba5c5e6d10569ecf2f9b9274988db
generated: "2020-07-10T16:08:29.5245189+02:00"
